
Microsoft Visual Studio Solution File, Format Version 12.00
# Visual Studio Version 17
VisualStudioVersion = 17.8.34330.188
MinimumVisualStudioVersion = 10.0.40219.1
Project("{9A19103F-16F7-4668-BE54-9A1E7A4F7556}") = "C4PHub.Core", "C4PHub.Core\C4PHub.Core.csproj", "{51019B75-84F3-4378-86DE-E89951AB48A8}"
EndProject
Project("{9A19103F-16F7-4668-BE54-9A1E7A4F7556}") = "C4PHub.Web", "C4PHub.Web\C4PHub.Web.csproj", "{BC92A899-25AA-4A37-B8A8-624BB3F5D9FF}"
EndProject
Project("{9A19103F-16F7-4668-BE54-9A1E7A4F7556}") = "C4PHub.Sessionize", "C4PHub.Sessionize\C4PHub.Sessionize.csproj", "{C530B62C-3DAF-46AE-986D-D7EA7D3FED3C}"
EndProject
Project("{9A19103F-16F7-4668-BE54-9A1E7A4F7556}") = "C4PHub.StorageAccount", "C4PHub.StorageAccount\C4PHub.StorageAccount.csproj", "{58BA8F8B-2C34-411A-A7D5-FBF5EC9A2BDC}"
EndProject
Project("{9A19103F-16F7-4668-BE54-9A1E7A4F7556}") = "C4PHub.OpenAI", "C4PHub.OpenAI\C4PHub.OpenAI.csproj", "{6D5D4330-583E-48DF-B581-0D10BF0A58EE}"
EndProject
Project("{9A19103F-16F7-4668-BE54-9A1E7A4F7556}") = "C4PHub.Auth", "C4PHub.Auth\C4PHub.Auth.csproj", "{D2638719-AC14-4128-A344-666D2184250F}"
EndProject
Project("{FAE04EC0-301F-11D3-BF4B-00C04F79EFBC}") = "C4PHub.RssApi", "C4PHub.RssApi\C4PHub.RssApi.csproj", "{2A1767EB-1262-4BCD-9CC5-8396CA2F450C}"
EndProject
Global
	GlobalSection(SolutionConfigurationPlatforms) = preSolution
		Debug|Any CPU = Debug|Any CPU
		Release|Any CPU = Release|Any CPU
	EndGlobalSection
	GlobalSection(ProjectConfigurationPlatforms) = postSolution
		{51019B75-84F3-4378-86DE-E89951AB48A8}.Debug|Any CPU.ActiveCfg = Debug|Any CPU
		{51019B75-84F3-4378-86DE-E89951AB48A8}.Debug|Any CPU.Build.0 = Debug|Any CPU
		{51019B75-84F3-4378-86DE-E89951AB48A8}.Release|Any CPU.ActiveCfg = Release|Any CPU
		{51019B75-84F3-4378-86DE-E89951AB48A8}.Release|Any CPU.Build.0 = Release|Any CPU
		{BC92A899-25AA-4A37-B8A8-624BB3F5D9FF}.Debug|Any CPU.ActiveCfg = Debug|Any CPU
		{BC92A899-25AA-4A37-B8A8-624BB3F5D9FF}.Debug|Any CPU.Build.0 = Debug|Any CPU
		{BC92A899-25AA-4A37-B8A8-624BB3F5D9FF}.Release|Any CPU.ActiveCfg = Release|Any CPU
		{BC92A899-25AA-4A37-B8A8-624BB3F5D9FF}.Release|Any CPU.Build.0 = Release|Any CPU
		{C530B62C-3DAF-46AE-986D-D7EA7D3FED3C}.Debug|Any CPU.ActiveCfg = Debug|Any CPU
		{C530B62C-3DAF-46AE-986D-D7EA7D3FED3C}.Debug|Any CPU.Build.0 = Debug|Any CPU
		{C530B62C-3DAF-46AE-986D-D7EA7D3FED3C}.Release|Any CPU.ActiveCfg = Release|Any CPU
		{C530B62C-3DAF-46AE-986D-D7EA7D3FED3C}.Release|Any CPU.Build.0 = Release|Any CPU
		{58BA8F8B-2C34-411A-A7D5-FBF5EC9A2BDC}.Debug|Any CPU.ActiveCfg = Debug|Any CPU
		{58BA8F8B-2C34-411A-A7D5-FBF5EC9A2BDC}.Debug|Any CPU.Build.0 = Debug|Any CPU
		{58BA8F8B-2C34-411A-A7D5-FBF5EC9A2BDC}.Release|Any CPU.ActiveCfg = Release|Any CPU
		{58BA8F8B-2C34-411A-A7D5-FBF5EC9A2BDC}.Release|Any CPU.Build.0 = Release|Any CPU
		{6D5D4330-583E-48DF-B581-0D10BF0A58EE}.Debug|Any CPU.ActiveCfg = Debug|Any CPU
		{6D5D4330-583E-48DF-B581-0D10BF0A58EE}.Debug|Any CPU.Build.0 = Debug|Any CPU
		{6D5D4330-583E-48DF-B581-0D10BF0A58EE}.Release|Any CPU.ActiveCfg = Release|Any CPU
		{6D5D4330-583E-48DF-B581-0D10BF0A58EE}.Release|Any CPU.Build.0 = Release|Any CPU
		{D2638719-AC14-4128-A344-666D2184250F}.Debug|Any CPU.ActiveCfg = Debug|Any CPU
		{D2638719-AC14-4128-A344-666D2184250F}.Debug|Any CPU.Build.0 = Debug|Any CPU
		{D2638719-AC14-4128-A344-666D2184250F}.Release|Any CPU.ActiveCfg = Release|Any CPU
		{D2638719-AC14-4128-A344-666D2184250F}.Release|Any CPU.Build.0 = Release|Any CPU
		{2A1767EB-1262-4BCD-9CC5-8396CA2F450C}.Debug|Any CPU.ActiveCfg = Debug|Any CPU
		{2A1767EB-1262-4BCD-9CC5-8396CA2F450C}.Debug|Any CPU.Build.0 = Debug|Any CPU
		{2A1767EB-1262-4BCD-9CC5-8396CA2F450C}.Release|Any CPU.ActiveCfg = Release|Any CPU
		{2A1767EB-1262-4BCD-9CC5-8396CA2F450C}.Release|Any CPU.Build.0 = Release|Any CPU
	EndGlobalSection
	GlobalSection(SolutionProperties) = preSolution
		HideSolutionNode = FALSE
	EndGlobalSection
	GlobalSection(ExtensibilityGlobals) = postSolution
		SolutionGuid = {C4ABEADD-97AC-4A5F-8C83-6F179B514497}
	EndGlobalSection
EndGlobal
