
Microsoft Visual Studio Solution File, Format Version 12.00
# Visual Studio Version 17
VisualStudioVersion = 17.8.34330.188
MinimumVisualStudioVersion = 10.0.40219.1
Project("{9A19103F-16F7-4668-BE54-9A1E7A4F7556}") = "C4PHub.Core", "C4PHub.Core\C4PHub.Core.csproj", "{51019B75-84F3-4378-86DE-E89951AB48A8}"
EndProject
Project("{9A19103F-16F7-4668-BE54-9A1E7A4F7556}") = "C4PHub.Web", "C4PHub.Web\C4PHub.Web.csproj", "{BC92A899-25AA-4A37-B8A8-624BB3F5D9FF}"
EndProject
Project("{9A19103F-16F7-4668-BE54-9A1E7A4F7556}") = "C4PHub.Sessionize", "C4PHub.Sessionize\C4PHub.Sessionize.csproj", "{C530B62C-3DAF-46AE-986D-D7EA7D3FED3C}"
EndProject
Project("{9A19103F-16F7-4668-BE54-9A1E7A4F7556}") = "C4PHub.StorageAccount", "C4PHub.StorageAccount\C4PHub.StorageAccount.csproj", "{58BA8F8B-2C34-411A-A7D5-FBF5EC9A2BDC}"
EndProject
Project("{9A19103F-16F7-4668-BE54-9A1E7A4F7556}") = "C4PHub.OpenAI", "C4PHub.OpenAI\C4PHub.OpenAI.csproj", "{6D5D4330-583E-48DF-B581-0D10BF0A58EE}"
EndProject
Project("{9A19103F-16F7-4668-BE54-9A1E7A4F7556}") = "C4PHub.Auth", "C4PHub.Auth\C4PHub.Auth.csproj", "{D2638719-AC14-4128-A344-666D2184250F}"
EndProject
Project("{9A19103F-16F7-4668-BE54-9A1E7A4F7556}") = "C4PHub.RssApi", "C4PHub.RssApi\C4PHub.RssApi.csproj", "{2A1767EB-1262-4BCD-9CC5-8396CA2F450C}"
EndProject
Project("{9A19103F-16F7-4668-BE54-9A1E7A4F7556}") = "C4PHub.Core.Tests", "Tests\C4PHub.Core.Tests\C4PHub.Core.Tests.csproj", "{F4548AB9-231E-4ED3-978A-3ECA6A7118FA}"
EndProject
Project("{2150E333-8FDC-42A3-9474-1A3956D46DE8}") = "Tests", "Tests", "{D3A8844B-BA3F-44FE-9391-61220467A812}"
EndProject
Project("{9A19103F-16F7-4668-BE54-9A1E7A4F7556}") = "C4PHub.EventGrid", "C4PHub.EventGrid\C4PHub.EventGrid.csproj", "{3A60A0BC-77FE-4DA7-8356-F1EE7E2AFD98}"
EndProject
Project("{9A19103F-16F7-4668-BE54-9A1E7A4F7556}") = "C4PHub.Management", "C4PHub.Management\C4PHub.Management.csproj", "{2A784017-504D-411C-B685-A7C5E881D9AB}"
EndProject
Project("{FAE04EC0-301F-11D3-BF4B-00C04F79EFBC}") = "C4PHub.Calendar.ICalNet", "C4PHub.Calendar.ICalNet\C4PHub.Calendar.ICalNet.csproj", "{6ED9C37A-197F-4C9C-9426-35311BB3EF20}"
EndProject
Global
	GlobalSection(SolutionConfigurationPlatforms) = preSolution
		Debug|Any CPU = Debug|Any CPU
		Release|Any CPU = Release|Any CPU
	EndGlobalSection
	GlobalSection(ProjectConfigurationPlatforms) = postSolution
		{51019B75-84F3-4378-86DE-E89951AB48A8}.Debug|Any CPU.ActiveCfg = Debug|Any CPU
		{51019B75-84F3-4378-86DE-E89951AB48A8}.Debug|Any CPU.Build.0 = Debug|Any CPU
		{51019B75-84F3-4378-86DE-E89951AB48A8}.Release|Any CPU.ActiveCfg = Release|Any CPU
		{51019B75-84F3-4378-86DE-E89951AB48A8}.Release|Any CPU.Build.0 = Release|Any CPU
		{BC92A899-25AA-4A37-B8A8-624BB3F5D9FF}.Debug|Any CPU.ActiveCfg = Debug|Any CPU
		{BC92A899-25AA-4A37-B8A8-624BB3F5D9FF}.Debug|Any CPU.Build.0 = Debug|Any CPU
		{BC92A899-25AA-4A37-B8A8-624BB3F5D9FF}.Release|Any CPU.ActiveCfg = Release|Any CPU
		{BC92A899-25AA-4A37-B8A8-624BB3F5D9FF}.Release|Any CPU.Build.0 = Release|Any CPU
		{C530B62C-3DAF-46AE-986D-D7EA7D3FED3C}.Debug|Any CPU.ActiveCfg = Debug|Any CPU
		{C530B62C-3DAF-46AE-986D-D7EA7D3FED3C}.Debug|Any CPU.Build.0 = Debug|Any CPU
		{C530B62C-3DAF-46AE-986D-D7EA7D3FED3C}.Release|Any CPU.ActiveCfg = Release|Any CPU
		{C530B62C-3DAF-46AE-986D-D7EA7D3FED3C}.Release|Any CPU.Build.0 = Release|Any CPU
		{58BA8F8B-2C34-411A-A7D5-FBF5EC9A2BDC}.Debug|Any CPU.ActiveCfg = Debug|Any CPU
		{58BA8F8B-2C34-411A-A7D5-FBF5EC9A2BDC}.Debug|Any CPU.Build.0 = Debug|Any CPU
		{58BA8F8B-2C34-411A-A7D5-FBF5EC9A2BDC}.Release|Any CPU.ActiveCfg = Release|Any CPU
		{58BA8F8B-2C34-411A-A7D5-FBF5EC9A2BDC}.Release|Any CPU.Build.0 = Release|Any CPU
		{6D5D4330-583E-48DF-B581-0D10BF0A58EE}.Debug|Any CPU.ActiveCfg = Debug|Any CPU
		{6D5D4330-583E-48DF-B581-0D10BF0A58EE}.Debug|Any CPU.Build.0 = Debug|Any CPU
		{6D5D4330-583E-48DF-B581-0D10BF0A58EE}.Release|Any CPU.ActiveCfg = Release|Any CPU
		{6D5D4330-583E-48DF-B581-0D10BF0A58EE}.Release|Any CPU.Build.0 = Release|Any CPU
		{D2638719-AC14-4128-A344-666D2184250F}.Debug|Any CPU.ActiveCfg = Debug|Any CPU
		{D2638719-AC14-4128-A344-666D2184250F}.Debug|Any CPU.Build.0 = Debug|Any CPU
		{D2638719-AC14-4128-A344-666D2184250F}.Release|Any CPU.ActiveCfg = Release|Any CPU
		{D2638719-AC14-4128-A344-666D2184250F}.Release|Any CPU.Build.0 = Release|Any CPU
		{2A1767EB-1262-4BCD-9CC5-8396CA2F450C}.Debug|Any CPU.ActiveCfg = Debug|Any CPU
		{2A1767EB-1262-4BCD-9CC5-8396CA2F450C}.Debug|Any CPU.Build.0 = Debug|Any CPU
		{2A1767EB-1262-4BCD-9CC5-8396CA2F450C}.Release|Any CPU.ActiveCfg = Release|Any CPU
		{2A1767EB-1262-4BCD-9CC5-8396CA2F450C}.Release|Any CPU.Build.0 = Release|Any CPU
		{F4548AB9-231E-4ED3-978A-3ECA6A7118FA}.Debug|Any CPU.ActiveCfg = Debug|Any CPU
		{F4548AB9-231E-4ED3-978A-3ECA6A7118FA}.Debug|Any CPU.Build.0 = Debug|Any CPU
		{F4548AB9-231E-4ED3-978A-3ECA6A7118FA}.Release|Any CPU.ActiveCfg = Release|Any CPU
		{F4548AB9-231E-4ED3-978A-3ECA6A7118FA}.Release|Any CPU.Build.0 = Release|Any CPU
		{3A60A0BC-77FE-4DA7-8356-F1EE7E2AFD98}.Debug|Any CPU.ActiveCfg = Debug|Any CPU
		{3A60A0BC-77FE-4DA7-8356-F1EE7E2AFD98}.Debug|Any CPU.Build.0 = Debug|Any CPU
		{3A60A0BC-77FE-4DA7-8356-F1EE7E2AFD98}.Release|Any CPU.ActiveCfg = Release|Any CPU
		{3A60A0BC-77FE-4DA7-8356-F1EE7E2AFD98}.Release|Any CPU.Build.0 = Release|Any CPU
		{2A784017-504D-411C-B685-A7C5E881D9AB}.Debug|Any CPU.ActiveCfg = Debug|Any CPU
		{2A784017-504D-411C-B685-A7C5E881D9AB}.Debug|Any CPU.Build.0 = Debug|Any CPU
		{2A784017-504D-411C-B685-A7C5E881D9AB}.Release|Any CPU.ActiveCfg = Release|Any CPU
		{2A784017-504D-411C-B685-A7C5E881D9AB}.Release|Any CPU.Build.0 = Release|Any CPU
		{6ED9C37A-197F-4C9C-9426-35311BB3EF20}.Debug|Any CPU.ActiveCfg = Debug|Any CPU
		{6ED9C37A-197F-4C9C-9426-35311BB3EF20}.Debug|Any CPU.Build.0 = Debug|Any CPU
		{6ED9C37A-197F-4C9C-9426-35311BB3EF20}.Release|Any CPU.ActiveCfg = Release|Any CPU
		{6ED9C37A-197F-4C9C-9426-35311BB3EF20}.Release|Any CPU.Build.0 = Release|Any CPU
	EndGlobalSection
	GlobalSection(SolutionProperties) = preSolution
		HideSolutionNode = FALSE
	EndGlobalSection
	GlobalSection(NestedProjects) = preSolution
		{F4548AB9-231E-4ED3-978A-3ECA6A7118FA} = {D3A8844B-BA3F-44FE-9391-61220467A812}
	EndGlobalSection
	GlobalSection(ExtensibilityGlobals) = postSolution
		SolutionGuid = {C4ABEADD-97AC-4A5F-8C83-6F179B514497}
	EndGlobalSection
EndGlobal
